%{"connection": {:hex, :connection, "1.0.4", "a1cae72211f0eef17705aaededacac3eb30e6625b04a6117c1b2db6ace7d5976", [:mix], []},
  "inflex": {:hex, :inflex, "1.7.0", "4466a34b7d8e871d8164619ba0f3b8410ec782e900f0ae1d3d27a5875a29532e", [:mix], []},
  "poison": {:hex, :poison, "2.2.0", "4763b69a8a77bd77d26f477d196428b741261a761257ff1cf92753a0d4d24a63", [:mix], []},
  "poolboy": {:hex, :poolboy, "1.5.1", "6b46163901cfd0a1b43d692657ed9d7e599853b3b21b95ae5ae0a777cf9b6ca8", [:rebar], []},
  "rethinkdb": {:hex, :rethinkdb, "0.4.0", "287714c2c7683a1f327ea83bf7a1c4eaaf8141ddf52e785632ef289d3851bc4e", [:mix], [{:connection, "~> 1.0.1", [hex: :connection, optional: false]}, {:poison, "~> 1.5 or ~> 2.0", [hex: :poison, optional: false]}]},
  "secure_random": {:hex, :secure_random, "0.5.0", "f49e4bfe686f7a78f0dd16700552e4135f02c122ef6dff35544e4f754641f688", [:mix], []}}
